
Microsoft Visual Studio Solution File, Format Version 12.00
# Visual Studio Version 17
VisualStudioVersion = 17.8.34219.65
MinimumVisualStudioVersion = 10.0.40219.1
Project("{9A19103F-16F7-4668-BE54-9A1E7A4F7556}") = "Eiriklb.WpfTools", "Eiriklb.WpfTools\Eiriklb.WpfTools.csproj", "{E2E797D0-9F63-4557-AB4F-FA9F62B846ED}"
EndProject
Project("{9A19103F-16F7-4668-BE54-9A1E7A4F7556}") = "Eiriklb.WpfTools.TestApp", "Eiriklb.WpfTools.TestApp\Eiriklb.WpfTools.TestApp.csproj", "{5A5D1344-82A2-4DF8-907F-551E237FB65F}"
EndProject
Global
	GlobalSection(SolutionConfigurationPlatforms) = preSolution
		Debug|Any CPU = Debug|Any CPU
		Release|Any CPU = Release|Any CPU
	EndGlobalSection
	GlobalSection(ProjectConfigurationPlatforms) = postSolution
		{E2E797D0-9F63-4557-AB4F-FA9F62B846ED}.Debug|Any CPU.ActiveCfg = Debug|Any CPU
		{E2E797D0-9F63-4557-AB4F-FA9F62B846ED}.Debug|Any CPU.Build.0 = Debug|Any CPU
		{E2E797D0-9F63-4557-AB4F-FA9F62B846ED}.Release|Any CPU.ActiveCfg = Release|Any CPU
		{E2E797D0-9F63-4557-AB4F-FA9F62B846ED}.Release|Any CPU.Build.0 = Release|Any CPU
		{5A5D1344-82A2-4DF8-907F-551E237FB65F}.Debug|Any CPU.ActiveCfg = Debug|Any CPU
		{5A5D1344-82A2-4DF8-907F-551E237FB65F}.Debug|Any CPU.Build.0 = Debug|Any CPU
		{5A5D1344-82A2-4DF8-907F-551E237FB65F}.Release|Any CPU.ActiveCfg = Release|Any CPU
		{5A5D1344-82A2-4DF8-907F-551E237FB65F}.Release|Any CPU.Build.0 = Release|Any CPU
	EndGlobalSection
	GlobalSection(SolutionProperties) = preSolution
		HideSolutionNode = FALSE
	EndGlobalSection
	GlobalSection(ExtensibilityGlobals) = postSolution
		SolutionGuid = {F2C7D39D-F065-4D81-906B-481BEE6B05DD}
	EndGlobalSection
EndGlobal
